
Microsoft Visual Studio Solution File, Format Version 12.00
# Visual Studio Version 17
VisualStudioVersion = 17.11.35327.3
MinimumVisualStudioVersion = 10.0.40219.1
Project("{FAE04EC0-301F-11D3-BF4B-00C04F79EFBC}") = "Assignment6.2.1", "Assignment6.2.1.csproj", "{CE52560D-2B86-4CA3-B098-FA9612FAE234}"
EndProject
Global
	GlobalSection(SolutionConfigurationPlatforms) = preSolution
		Debug|Any CPU = Debug|Any CPU
		Release|Any CPU = Release|Any CPU
	EndGlobalSection
	GlobalSection(ProjectConfigurationPlatforms) = postSolution
		{CE52560D-2B86-4CA3-B098-FA9612FAE234}.Debug|Any CPU.ActiveCfg = Debug|Any CPU
		{CE52560D-2B86-4CA3-B098-FA9612FAE234}.Debug|Any CPU.Build.0 = Debug|Any CPU
		{CE52560D-2B86-4CA3-B098-FA9612FAE234}.Release|Any CPU.ActiveCfg = Release|Any CPU
		{CE52560D-2B86-4CA3-B098-FA9612FAE234}.Release|Any CPU.Build.0 = Release|Any CPU
	EndGlobalSection
	GlobalSection(SolutionProperties) = preSolution
		HideSolutionNode = FALSE
	EndGlobalSection
	GlobalSection(ExtensibilityGlobals) = postSolution
		SolutionGuid = {9567A086-BBF7-40B0-95F1-58D0DEE6D665}
	EndGlobalSection
EndGlobal
